
Microsoft Visual Studio Solution File, Format Version 12.00
# Visual Studio Version 17
VisualStudioVersion = 17.11.35005.142
MinimumVisualStudioVersion = 10.0.40219.1
Project("{9A19103F-16F7-4668-BE54-9A1E7A4F7556}") = "ToDo.API", "ToDo.API\ToDo.API.csproj", "{7A0629FB-648D-4B6D-80A1-A1A2BA826B38}"
EndProject
Project("{9A19103F-16F7-4668-BE54-9A1E7A4F7556}") = "ToDo.BLL", "ToDo.BLL\ToDo.BLL.csproj", "{A10E95EF-FBEB-442A-A6CE-B527D791B8BE}"
EndProject
Project("{9A19103F-16F7-4668-BE54-9A1E7A4F7556}") = "ToDo.DataAccess", "ToDo.DataAccess\ToDo.DataAccess.csproj", "{87D16951-BE1C-4B00-9EFA-64F86D63C3E3}"
EndProject
Global
	GlobalSection(SolutionConfigurationPlatforms) = preSolution
		Debug|Any CPU = Debug|Any CPU
		Release|Any CPU = Release|Any CPU
	EndGlobalSection
	GlobalSection(ProjectConfigurationPlatforms) = postSolution
		{7A0629FB-648D-4B6D-80A1-A1A2BA826B38}.Debug|Any CPU.ActiveCfg = Debug|Any CPU
		{7A0629FB-648D-4B6D-80A1-A1A2BA826B38}.Debug|Any CPU.Build.0 = Debug|Any CPU
		{7A0629FB-648D-4B6D-80A1-A1A2BA826B38}.Release|Any CPU.ActiveCfg = Release|Any CPU
		{7A0629FB-648D-4B6D-80A1-A1A2BA826B38}.Release|Any CPU.Build.0 = Release|Any CPU
		{A10E95EF-FBEB-442A-A6CE-B527D791B8BE}.Debug|Any CPU.ActiveCfg = Debug|Any CPU
		{A10E95EF-FBEB-442A-A6CE-B527D791B8BE}.Debug|Any CPU.Build.0 = Debug|Any CPU
		{A10E95EF-FBEB-442A-A6CE-B527D791B8BE}.Release|Any CPU.ActiveCfg = Release|Any CPU
		{A10E95EF-FBEB-442A-A6CE-B527D791B8BE}.Release|Any CPU.Build.0 = Release|Any CPU
		{87D16951-BE1C-4B00-9EFA-64F86D63C3E3}.Debug|Any CPU.ActiveCfg = Debug|Any CPU
		{87D16951-BE1C-4B00-9EFA-64F86D63C3E3}.Debug|Any CPU.Build.0 = Debug|Any CPU
		{87D16951-BE1C-4B00-9EFA-64F86D63C3E3}.Release|Any CPU.ActiveCfg = Release|Any CPU
		{87D16951-BE1C-4B00-9EFA-64F86D63C3E3}.Release|Any CPU.Build.0 = Release|Any CPU
	EndGlobalSection
	GlobalSection(SolutionProperties) = preSolution
		HideSolutionNode = FALSE
	EndGlobalSection
	GlobalSection(ExtensibilityGlobals) = postSolution
		SolutionGuid = {1691B88D-2034-455B-96FE-20D2EF86F5A3}
	EndGlobalSection
EndGlobal
